
Microsoft Visual Studio Solution File, Format Version 12.00
# Visual Studio 2013
VisualStudioVersion = 12.0.31101.0
MinimumVisualStudioVersion = 10.0.40219.1
Project("{FAE04EC0-301F-11D3-BF4B-00C04F79EFBC}") = "VacationLocation", "VacationLocation\VacationLocation.csproj", "{F5138884-11D3-49A4-A87D-1DABA2F9D0A2}"
EndProject
Project("{2150E333-8FDC-42A3-9474-1A3956D46DE8}") = "PublishScripts", "PublishScripts", "{B140E201-D6A5-41B3-8567-051D93FE277F}"
	ProjectSection(SolutionItems) = preProject
		PublishScripts\AzureWebsitePublishModule.psm1 = PublishScripts\AzureWebsitePublishModule.psm1
		PublishScripts\Publish-WebApplicationWebsite.ps1 = PublishScripts\Publish-WebApplicationWebsite.ps1
	EndProjectSection
EndProject
Project("{2150E333-8FDC-42A3-9474-1A3956D46DE8}") = "Configurations", "Configurations", "{0C4C4F7E-8CA2-41D8-98DB-12CDF32021DC}"
	ProjectSection(SolutionItems) = preProject
		PublishScripts\Configurations\VacationLocation-WAWS-dev.json = PublishScripts\Configurations\VacationLocation-WAWS-dev.json
	EndProjectSection
EndProject
Global
	GlobalSection(SolutionConfigurationPlatforms) = preSolution
		Debug|Any CPU = Debug|Any CPU
		Release|Any CPU = Release|Any CPU
	EndGlobalSection
	GlobalSection(ProjectConfigurationPlatforms) = postSolution
		{F5138884-11D3-49A4-A87D-1DABA2F9D0A2}.Debug|Any CPU.ActiveCfg = Debug|Any CPU
		{F5138884-11D3-49A4-A87D-1DABA2F9D0A2}.Debug|Any CPU.Build.0 = Debug|Any CPU
		{F5138884-11D3-49A4-A87D-1DABA2F9D0A2}.Release|Any CPU.ActiveCfg = Release|Any CPU
		{F5138884-11D3-49A4-A87D-1DABA2F9D0A2}.Release|Any CPU.Build.0 = Release|Any CPU
	EndGlobalSection
	GlobalSection(SolutionProperties) = preSolution
		HideSolutionNode = FALSE
	EndGlobalSection
	GlobalSection(NestedProjects) = preSolution
		{0C4C4F7E-8CA2-41D8-98DB-12CDF32021DC} = {B140E201-D6A5-41B3-8567-051D93FE277F}
	EndGlobalSection
EndGlobal
